github.com/BurntSushi/toml v1.6.0 h1:dRaEfpa2VI55EwlIW72hMRHdWouJeRF7TPYhI+AUQjk=
github.com/BurntSushi/toml v1.6.0/go.mod h1:ukJfTF/6rtPPRCnwkur4qwRxa8vTRFBF0uk2lLoLwho=
github.com/google/subcommands v1.2.0 h1:vWQspBTo2nEqTUFita5/KeEWlUL8kQObDFbub/EN9oE=
github.com/google/subcommands v1.2.0/go.mod h1:ZjhPrFU+Olkh9WazFPsl27BQ4UPiG37m3yTrtFlrHVk=
github.com/yongjohnlee80/golib v0.5.20 h1:AZidScCenUp4K+mqwhXhNFn7cLaVC2B/uQsmQAtfslk=
github.com/yongjohnlee80/golib v0.5.20/go.mod h1:8C5jirm0P6lnk5MxCZKUf8mSND3w2JRq1CRBlV3YD0c=
github.com/yongjohnlee80/golib v0.5.21-0.20260915182718-8dcef084263b h1:MQG9G5emTGmwHoLHWRIR5CYe6t+VmoM1fnKKFb5qlws=
github.com/yongjohnlee80/golib v0.5.21-0.20260915182718-8dcef084263b/go.mod h1:8C5jirm0P6lnk5MxCZKUf8mSND3w2JRq1CRBlV3YD0c=
github.com/yongjohnlee80/golib v0.5.21-0.20260915191810-6edeb59ababb h1:fQ7wyU7kwpD4LdQ/27gf/HgVdJxb/m/7ifQTrhLdbJ4=
github.com/yongjohnlee80/golib v0.5.21-0.20260915191810-6edeb59ababb/go.mod h1:8C5jirm0P6lnk5MxCZKUf8mSND3w2JRq1CRBlV3YD0c=
github.com/yongjohnlee80/golib v0.5.21-0.20260915195151-2331a7bb7a77 h1:1YkPS7uuRwmQWYVhGOOpgwWM8lr7cXiWpW3VYQllFWY=
github.com/yongjohnlee80/golib v0.5.21-0.20260915195151-2331a7bb7a77/go.mod h1:8C5jirm0P6lnk5MxCZKUf8mSND3w2JRq1CRBlV3YD0c=
github.com/yongjohnlee80/golib v0.5.21-0.20260915200446-b8ff7246b3f2 h1:mjPL5IaBlxSZO8ovyYaUpuvaFDKScdnNvo9pnrsfiNg=
github.com/yongjohnlee80/golib v0.5.21-0.20260915200446-b8ff7246b3f2/go.mod h1:8C5jirm0P6lnk5MxCZKUf8mSND3w2JRq1CRBlV3YD0c=
github.com/yongjohnlee80/golib v0.5.21-0.20260915203020-b5b5cbebd2cf h1:TM61WhAuDB6UXp7w5/WUJmvfWzOzor9l9Z08aOPEVqY=
github.com/yongjohnlee80/golib v0.5.21-0.20260915203020-b5b5cbebd2cf/go.mod h1:8C5jirm0P6lnk5MxCZKUf8mSND3w2JRq1CRBlV3YD0c=
golang.org/x/sys v0.46.0 h1:noSf2Fq6F8DBgS+LysIkx7rIExoNHJsxOAtPp4rthXw=
golang.org/x/sys v0.46.0/go.mod h1:4GL1E5IUh+htKOUEOaiffhrAeqysfVGipDYzABqnCmw=
golang.org/x/term v0.44.0 h1:0rLvDRCtNj0gZkyIXhCyOb2OAzEhLVqc4B+hrsBhrmc=
golang.org/x/term v0.44.0/go.mod h1:7ze4MdzUzLXpSAoFP1H0bOI9aXDqveSvatT5vKcFh2Y=
